
Microsoft Visual Studio Solution File, Format Version 12.00
# Visual Studio Version 16
VisualStudioVersion = 16.0.30804.86
MinimumVisualStudioVersion = 10.0.40219.1
Project("{9A19103F-16F7-4668-BE54-9A1E7A4F7556}") = "Multiplication", "Multiplication\Multiplication.csproj", "{6A2EE803-0883-40DA-B2C3-0F29D69A8582}"
EndProject
Project("{FAE04EC0-301F-11D3-BF4B-00C04F79EFBC}") = "MultiplicationTests", "MultiplicationTests\MultiplicationTests.csproj", "{955C9D17-F582-49B1-A1D7-17FBEC22B599}"
EndProject
Global
	GlobalSection(SolutionConfigurationPlatforms) = preSolution
		Debug|Any CPU = Debug|Any CPU
		Release|Any CPU = Release|Any CPU
	EndGlobalSection
	GlobalSection(ProjectConfigurationPlatforms) = postSolution
		{6A2EE803-0883-40DA-B2C3-0F29D69A8582}.Debug|Any CPU.ActiveCfg = Debug|Any CPU
		{6A2EE803-0883-40DA-B2C3-0F29D69A8582}.Debug|Any CPU.Build.0 = Debug|Any CPU
		{6A2EE803-0883-40DA-B2C3-0F29D69A8582}.Release|Any CPU.ActiveCfg = Release|Any CPU
		{6A2EE803-0883-40DA-B2C3-0F29D69A8582}.Release|Any CPU.Build.0 = Release|Any CPU
		{955C9D17-F582-49B1-A1D7-17FBEC22B599}.Debug|Any CPU.ActiveCfg = Debug|Any CPU
		{955C9D17-F582-49B1-A1D7-17FBEC22B599}.Debug|Any CPU.Build.0 = Debug|Any CPU
		{955C9D17-F582-49B1-A1D7-17FBEC22B599}.Release|Any CPU.ActiveCfg = Release|Any CPU
		{955C9D17-F582-49B1-A1D7-17FBEC22B599}.Release|Any CPU.Build.0 = Release|Any CPU
	EndGlobalSection
	GlobalSection(SolutionProperties) = preSolution
		HideSolutionNode = FALSE
	EndGlobalSection
	GlobalSection(ExtensibilityGlobals) = postSolution
		SolutionGuid = {13FFB06F-C916-44F8-83E0-48A8ED90D9B3}
	EndGlobalSection
EndGlobal
